
Microsoft Visual Studio Solution File, Format Version 12.00
# Visual Studio Version 17
VisualStudioVersion = 17.9.34723.18
MinimumVisualStudioVersion = 10.0.40219.1
Project("{FAE04EC0-301F-11D3-BF4B-00C04F79EFBC}") = "Inventory Management", "Inventory Management.csproj", "{21778956-8E42-4C91-A68B-59A8E3844222}"
EndProject
Global
	GlobalSection(SolutionConfigurationPlatforms) = preSolution
		Debug|Any CPU = Debug|Any CPU
		Release|Any CPU = Release|Any CPU
	EndGlobalSection
	GlobalSection(ProjectConfigurationPlatforms) = postSolution
		{21778956-8E42-4C91-A68B-59A8E3844222}.Debug|Any CPU.ActiveCfg = Debug|Any CPU
		{21778956-8E42-4C91-A68B-59A8E3844222}.Debug|Any CPU.Build.0 = Debug|Any CPU
		{21778956-8E42-4C91-A68B-59A8E3844222}.Release|Any CPU.ActiveCfg = Release|Any CPU
		{21778956-8E42-4C91-A68B-59A8E3844222}.Release|Any CPU.Build.0 = Release|Any CPU
	EndGlobalSection
	GlobalSection(SolutionProperties) = preSolution
		HideSolutionNode = FALSE
	EndGlobalSection
	GlobalSection(ExtensibilityGlobals) = postSolution
		SolutionGuid = {1435FCB6-7E9B-4FD3-A090-022809E21889}
	EndGlobalSection
EndGlobal
